
Microsoft Visual Studio Solution File, Format Version 12.00
# Visual Studio Version 17
VisualStudioVersion = 17.4.33205.214
MinimumVisualStudioVersion = 10.0.40219.1
Project("{FAE04EC0-301F-11D3-BF4B-00C04F79EFBC}") = "WatchShop_ASPNETCOREMVC", "WatchShop_ASPNETCOREMVC\WatchShop_ASPNETCOREMVC.csproj", "{EDF0F58C-ADA8-4E88-901D-D191EF3B04BF}"
EndProject
Global
	GlobalSection(SolutionConfigurationPlatforms) = preSolution
		Debug|Any CPU = Debug|Any CPU
		Release|Any CPU = Release|Any CPU
	EndGlobalSection
	GlobalSection(ProjectConfigurationPlatforms) = postSolution
		{EDF0F58C-ADA8-4E88-901D-D191EF3B04BF}.Debug|Any CPU.ActiveCfg = Debug|Any CPU
		{EDF0F58C-ADA8-4E88-901D-D191EF3B04BF}.Debug|Any CPU.Build.0 = Debug|Any CPU
		{EDF0F58C-ADA8-4E88-901D-D191EF3B04BF}.Release|Any CPU.ActiveCfg = Release|Any CPU
		{EDF0F58C-ADA8-4E88-901D-D191EF3B04BF}.Release|Any CPU.Build.0 = Release|Any CPU
	EndGlobalSection
	GlobalSection(SolutionProperties) = preSolution
		HideSolutionNode = FALSE
	EndGlobalSection
	GlobalSection(ExtensibilityGlobals) = postSolution
		SolutionGuid = {844E2B89-9397-47AA-BAF1-A48E4B7399FD}
	EndGlobalSection
EndGlobal
